
Microsoft Visual Studio Solution File, Format Version 12.00
# Visual Studio 14
VisualStudioVersion = 14.0.25420.1
MinimumVisualStudioVersion = 10.0.40219.1
Project("{FAE04EC0-301F-11D3-BF4B-00C04F79EFBC}") = "AlgorithmTest", "AlgorithmTest\AlgorithmTest.csproj", "{475AF3F2-616B-4B62-BA82-7A68A90BA0FA}"
EndProject
Project("{FAE04EC0-301F-11D3-BF4B-00C04F79EFBC}") = "UnitTestProject1", "UnitTestProject1\UnitTestProject1.csproj", "{86E4EB79-C338-4C15-9255-4DC36AD6BD5E}"
EndProject
Project("{FAE04EC0-301F-11D3-BF4B-00C04F79EFBC}") = "WebApplication1", "WebApplication1\WebApplication1.csproj", "{2F850921-2952-4D27-993D-5EC64621EA97}"
EndProject
Project("{FAE04EC0-301F-11D3-BF4B-00C04F79EFBC}") = "WebApplication2", "WebApplication2\WebApplication2.csproj", "{39130006-DAEA-4E72-A048-64564C082A00}"
EndProject
Global
	GlobalSection(SolutionConfigurationPlatforms) = preSolution
		Debug|Any CPU = Debug|Any CPU
		Release|Any CPU = Release|Any CPU
	EndGlobalSection
	GlobalSection(ProjectConfigurationPlatforms) = postSolution
		{475AF3F2-616B-4B62-BA82-7A68A90BA0FA}.Debug|Any CPU.ActiveCfg = Debug|Any CPU
		{475AF3F2-616B-4B62-BA82-7A68A90BA0FA}.Debug|Any CPU.Build.0 = Debug|Any CPU
		{475AF3F2-616B-4B62-BA82-7A68A90BA0FA}.Release|Any CPU.ActiveCfg = Release|Any CPU
		{475AF3F2-616B-4B62-BA82-7A68A90BA0FA}.Release|Any CPU.Build.0 = Release|Any CPU
		{86E4EB79-C338-4C15-9255-4DC36AD6BD5E}.Debug|Any CPU.ActiveCfg = Debug|Any CPU
		{86E4EB79-C338-4C15-9255-4DC36AD6BD5E}.Debug|Any CPU.Build.0 = Debug|Any CPU
		{86E4EB79-C338-4C15-9255-4DC36AD6BD5E}.Release|Any CPU.ActiveCfg = Release|Any CPU
		{86E4EB79-C338-4C15-9255-4DC36AD6BD5E}.Release|Any CPU.Build.0 = Release|Any CPU
		{2F850921-2952-4D27-993D-5EC64621EA97}.Debug|Any CPU.ActiveCfg = Debug|Any CPU
		{2F850921-2952-4D27-993D-5EC64621EA97}.Debug|Any CPU.Build.0 = Debug|Any CPU
		{2F850921-2952-4D27-993D-5EC64621EA97}.Release|Any CPU.ActiveCfg = Release|Any CPU
		{2F850921-2952-4D27-993D-5EC64621EA97}.Release|Any CPU.Build.0 = Release|Any CPU
		{39130006-DAEA-4E72-A048-64564C082A00}.Debug|Any CPU.ActiveCfg = Debug|Any CPU
		{39130006-DAEA-4E72-A048-64564C082A00}.Debug|Any CPU.Build.0 = Debug|Any CPU
		{39130006-DAEA-4E72-A048-64564C082A00}.Release|Any CPU.ActiveCfg = Release|Any CPU
		{39130006-DAEA-4E72-A048-64564C082A00}.Release|Any CPU.Build.0 = Release|Any CPU
	EndGlobalSection
	GlobalSection(SolutionProperties) = preSolution
		HideSolutionNode = FALSE
	EndGlobalSection
EndGlobal
